PODS:
  - Flutter (1.0.0)
  - flutter_sharing_intent (1.0.1):
    - Flutter
  - media_kit_libs_ios_video (1.0.4):
    - Flutter
  - media_kit_video (0.0.1):
    - Flutter

DEPENDENCIES:
  - Flutter (from `Flutter`)
  - flutter_sharing_intent (from `.symlinks/plugins/flutter_sharing_intent/ios`)
  - media_kit_libs_ios_video (from `.symlinks/plugins/media_kit_libs_ios_video/ios`)
  - media_kit_video (from `.symlinks/plugins/media_kit_video/ios`)

EXTERNAL SOURCES:
  Flutter:
    :path: Flutter
  flutter_sharing_intent:
    :path: ".symlinks/plugins/flutter_sharing_intent/ios"
  media_kit_libs_ios_video:
    :path: ".symlinks/plugins/media_kit_libs_ios_video/ios"
  media_kit_video:
    :path: ".symlinks/plugins/media_kit_video/ios"

SPEC CHECKSUMS:
  Flutter: cabc95a1d2626b1b06e7179b784ebcf0c0cde467
  flutter_sharing_intent: ea3bb5ac2838e6700a5a8506804c08a78a1ef316
  media_kit_libs_ios_video: a5fe24bc7875ccd6378a0978c13185e1344651c1
  media_kit_video: 5da63f157170e5bf303bf85453b7ef6971218a2e

PODFILE CHECKSUM: 6668f71993dc47f512632e367c159ec6b34950e3

COCOAPODS: 1.11.3
